{
  "name": "MERN-NATS-Microservices",
  "lockfileVersion": 3,
  "requires": true,
  "packages": {
    "": {
      "dependencies": {
        "@nats-io/transport-node": "^3.4.0"
      }
    },
    "node_modules/@nats-io/nats-core": {
      "version": "3.4.0",
      "resolved": "https://registry.npmjs.org/@nats-io/nats-core/-/nats-core-3.4.0.tgz",
      "integrity": "sha512-QMDM86EUNm+wudlKC67HLar/KHHQUvJGLfb4jbahje3pUk3K9afeck9fwsxBZF0eUFox6T/TA6m/t+lQqf+QsQ==",
      "license": "Apache-2.0",
      "dependencies": {
        "@nats-io/nkeys": "2.0.3",
        "@nats-io/nuid": "3.0.0"
      }
    },
    "node_modules/@nats-io/nkeys": {
      "version": "2.0.3",
      "resolved": "https://registry.npmjs.org/@nats-io/nkeys/-/nkeys-2.0.3.tgz",
      "integrity": "sha512-JVt56GuE6Z89KUkI4TXUbSI9fmIfAmk6PMPknijmuL72GcD+UgIomTcRWiNvvJKxA01sBbmIPStqJs5cMRBC3A==",
      "license": "Apache-2.0",
      "dependencies": {
        "tweetnacl": "^1.0.3"
      },
      "engines": {
        "node": ">=18.0.0"
      }
    },
    "node_modules/@nats-io/nuid": {
      "version": "3.0.0",
      "resolved": "https://registry.npmjs.org/@nats-io/nuid/-/nuid-3.0.0.tgz",
      "integrity": "sha512-QbXZDrxmYlrn5AD06gYcUTmEHwxn96HBQMIk7XTjDlEcx6FPzVBBPjp4AMRh1lEv6B4iJ6Xb/Uz61JugPXFRQg==",
      "license": "Apache-2.0",
      "engines": {
        "node": ">= 22.x"
      }
    },
    "node_modules/@nats-io/transport-node": {
      "version": "3.4.0",
      "resolved": "https://registry.npmjs.org/@nats-io/transport-node/-/transport-node-3.4.0.tgz",
      "integrity": "sha512-hH7u7ejIBTFEJIZ8rIcMrHJI6wl+HhpO5sVFs1+ppmXa8RuB2+Lh1+UwTzZ5xTNNm1TKcRkYy+2qCV56qp8RxA==",
      "license": "Apache-2.0",
      "dependencies": {
        "@nats-io/nats-core": "3.4.0",
        "@nats-io/nkeys": "2.0.3",
        "@nats-io/nuid": "3.0.0"
      },
      "engines": {
        "node": ">= 18.0.0"
      }
    },
    "node_modules/tweetnacl": {
      "version": "1.0.3",
      "resolved": "https://registry.npmjs.org/tweetnacl/-/tweetnacl-1.0.3.tgz",
      "integrity": "sha512-6rt+RN7aOi1nGMyC4Xa5DdYiukl2UWCbcJft7YhxReBGQD7OAM8Pbxw6YMo4r2diNEA8FEmu32YOn9rhaiE5yw==",
      "license": "Unlicense"
    }
  }
}
